// !$*UTF8*$!
{
	archiveVersion = 1;
	classes = {
	};
	objectVersion = 50;
	objects = {

/* Begin PBXBuildFile section */
		2E038A7C236B53A200F79FC0 /* GoogleService-Info.plist in Resources */ = {isa = PBXBuildFile; fileRef = 2E038A7B236B53A200F79FC0 /* GoogleService-Info.plist */; };
		2E04E9B9236F8C5300BA6349 /* iOSDevCenters+GIF.swift in Sources */ = {isa = PBXBuildFile; fileRef = 2E04E9B8236F8C5300BA6349 /* iOSDevCenters+GIF.swift */; };
		2E04E9C3236F9E4B00BA6349 /* GDPR1.swift in Sources */ = {isa = PBXBuildFile; fileRef = 2E04E9C2236F9E4B00BA6349 /* GDPR1.swift */; };
		2E193BCD237CC6A400FCC545 /* OpenSans-Bold.ttf in Resources */ = {isa = PBXBuildFile; fileRef = 2E193BC2237CC6A300FCC545 /* OpenSans-Bold.ttf */; };
		2E193BCE237CC6A400FCC545 /* OpenSans-ExtraBold.ttf in Resources */ = {isa = PBXBuildFile; fileRef = 2E193BC3237CC6A300FCC545 /* OpenSans-ExtraBold.ttf */; };
		2E193BCF237CC6A400FCC545 /* OpenSans-ExtraBoldItalic.ttf in Resources */ = {isa = PBXBuildFile; fileRef = 2E193BC4237CC6A300FCC545 /* OpenSans-ExtraBoldItalic.ttf */; };
		2E193BD0237CC6A400FCC545 /* OpenSans-BoldItalic.ttf in Resources */ = {isa = PBXBuildFile; fileRef = 2E193BC5237CC6A300FCC545 /* OpenSans-BoldItalic.ttf */; };
		2E193BD1237CC6A400FCC545 /* OpenSans-LightItalic.ttf in Resources */ = {isa = PBXBuildFile; fileRef = 2E193BC6237CC6A300FCC545 /* OpenSans-LightItalic.ttf */; };
		2E193BD2237CC6A400FCC545 /* OpenSans-SemiboldItalic.ttf in Resources */ = {isa = PBXBuildFile; fileRef = 2E193BC7237CC6A300FCC545 /* OpenSans-SemiboldItalic.ttf */; };
		2E193BD3237CC6A400FCC545 /* OpenSans-Italic.ttf in Resources */ = {isa = PBXBuildFile; fileRef = 2E193BC8237CC6A300FCC545 /* OpenSans-Italic.ttf */; };
		2E193BD4237CC6A400FCC545 /* Apache License.txt in Resources */ = {isa = PBXBuildFile; fileRef = 2E193BC9237CC6A300FCC545 /* Apache License.txt */; };
		2E193BD5237CC6A400FCC545 /* OpenSans-Light.ttf in Resources */ = {isa = PBXBuildFile; fileRef = 2E193BCA237CC6A400FCC545 /* OpenSans-Light.ttf */; };
		2E193BD6237CC6A400FCC545 /* OpenSans-Regular.ttf in Resources */ = {isa = PBXBuildFile; fileRef = 2E193BCB237CC6A400FCC545 /* OpenSans-Regular.ttf */; };
		2E193BD7237CC6A400FCC545 /* OpenSans-Semibold.ttf in Resources */ = {isa = PBXBuildFile; fileRef = 2E193BCC237CC6A400FCC545 /* OpenSans-Semibold.ttf */; };
		2E193BD9237CC95100FCC545 /* SurveyDetailsForm.swift in Sources */ = {isa = PBXBuildFile; fileRef = 2E193BD8237CC95100FCC545 /* SurveyDetailsForm.swift */; };
		2E193BDB237DBA1400FCC545 /* SetupTypes.swift in Sources */ = {isa = PBXBuildFile; fileRef = 2E193BDA237DBA1400FCC545 /* SetupTypes.swift */; };
		2E2F2FFD23896321001798CF /* StructDefinitions.swift in Sources */ = {isa = PBXBuildFile; fileRef = 2E2F2FFC23896321001798CF /* StructDefinitions.swift */; };
		2E2F2FFF238AF0CB001798CF /* functions.swift in Sources */ = {isa = PBXBuildFile; fileRef = 2E2F2FFE238AF0CB001798CF /* functions.swift */; };
		2E2F3003238AF1CA001798CF /* HCR-Questio-Questions.csv in Resources */ = {isa = PBXBuildFile; fileRef = 2E2F3002238AF1CA001798CF /* HCR-Questio-Questions.csv */; };
		2E56C4842386A35400286077 /* SpeechRecognition.swift in Sources */ = {isa = PBXBuildFile; fileRef = 2E56C4832386A35400286077 /* SpeechRecognition.swift */; };
		2E5F9E41237F2C8800D971B0 /* Setup.swift in Sources */ = {isa = PBXBuildFile; fileRef = 2E5F9E40237F2C8800D971B0 /* Setup.swift */; };
		2E5F9E432381AA6000D971B0 /* Question1.swift in Sources */ = {isa = PBXBuildFile; fileRef = 2E5F9E422381AA6000D971B0 /* Question1.swift */; };
		2E5F9E452381B10900D971B0 /* FiveScaleResponse.swift in Sources */ = {isa = PBXBuildFile; fileRef = 2E5F9E442381B10900D971B0 /* FiveScaleResponse.swift */; };
		2E5F9E472381BF5400D971B0 /* TestQuaestio2.mp4 in Resources */ = {isa = PBXBuildFile; fileRef = 2E5F9E462381BE7C00D971B0 /* TestQuaestio2.mp4 */; };
		2E5F9E492382045200D971B0 /* YNResponse.swift in Sources */ = {isa = PBXBuildFile; fileRef = 2E5F9E482382045200D971B0 /* YNResponse.swift */; };
		2E5F9E4B2382CB6100D971B0 /* LongAnswer.swift in Sources */ = {isa = PBXBuildFile; fileRef = 2E5F9E4A2382CB6100D971B0 /* LongAnswer.swift */; };
		2E5F9E4D2382CBBA00D971B0 /* Question2.swift in Sources */ = {isa = PBXBuildFile; fileRef = 2E5F9E4C2382CBBA00D971B0 /* Question2.swift */; };
		2E5F9E502382CED400D971B0 /* TestQuaestio3.mp4 in Resources */ = {isa = PBXBuildFile; fileRef = 2E5F9E4E2382CDBA00D971B0 /* TestQuaestio3.mp4 */; };
		2E5F9E522382FDDE00D971B0 /* ComputerVision.swift in Sources */ = {isa = PBXBuildFile; fileRef = 2E5F9E512382FDDE00D971B0 /* ComputerVision.swift */; };
		2E67B935238C4E8300446D77 /* PrivacyM.swift in Sources */ = {isa = PBXBuildFile; fileRef = 2E67B934238C4E8300446D77 /* PrivacyM.swift */; };
		2E84C299237C7443002D3665 /* Home.swift in Sources */ = {isa = PBXBuildFile; fileRef = 2E84C298237C7443002D3665 /* Home.swift */; };
		2E85FBD2236B2BF600EDFF56 /* AppDelegate.swift in Sources */ = {isa = PBXBuildFile; fileRef = 2E85FBD1236B2BF600EDFF56 /* AppDelegate.swift */; };
		2E85FBD4236B2BF600EDFF56 /* SceneDelegate.swift in Sources */ = {isa = PBXBuildFile; fileRef = 2E85FBD3236B2BF600EDFF56 /* SceneDelegate.swift */; };
		2E85FBD6236B2BF600EDFF56 /* SurveyHomeScreen.swift in Sources */ = {isa = PBXBuildFile; fileRef = 2E85FBD5236B2BF600EDFF56 /* SurveyHomeScreen.swift */; };
		2E85FBD9236B2BF600EDFF56 /* Main.storyboard in Resources */ = {isa = PBXBuildFile; fileRef = 2E85FBD7236B2BF600EDFF56 /* Main.storyboard */; };
		2E85FBDB236B2BF900EDFF56 /* Assets.xcassets in Resources */ = {isa = PBXBuildFile; fileRef = 2E85FBDA236B2BF900EDFF56 /* Assets.xcassets */; };
		2E85FBDE236B2BF900EDFF56 /* LaunchScreen.storyboard in Resources */ = {isa = PBXBuildFile; fileRef = 2E85FBDC236B2BF900EDFF56 /* LaunchScreen.storyboard */; };
		2EC6B1C2237C57BA0085B560 /* PrivacyPolicy.swift in Sources */ = {isa = PBXBuildFile; fileRef = 2EC6B1C1237C57BA0085B560 /* PrivacyPolicy.swift */; };
		2ED6FECF237ECF6A00380C5A /* PrivacyResponse.swift in Sources */ = {isa = PBXBuildFile; fileRef = 2ED6FECE237ECF6A00380C5A /* PrivacyResponse.swift */; };
		2ED6FED1237ED09E00380C5A /* PrivacyDeclined.swift in Sources */ = {isa = PBXBuildFile; fileRef = 2ED6FED0237ED09E00380C5A /* PrivacyDeclined.swift */; };
		2EEBC8792385595800D7334E /* MechanicalFaceApp.storyboard in Resources */ = {isa = PBXBuildFile; fileRef = 2EEBC8782385595800D7334E /* MechanicalFaceApp.storyboard */; };
		2EEBC883238590F700D7334E /* SurveyStartM.swift in Sources */ = {isa = PBXBuildFile; fileRef = 2EEBC882238590F700D7334E /* SurveyStartM.swift */; };
		2EF707AF237494D0008F73F9 /* MainNavigationController.swift in Sources */ = {isa = PBXBuildFile; fileRef = 2EF707AE237494D0008F73F9 /* MainNavigationController.swift */; };
		E750A660F707CCBDF28F6727 /* libPods-Questio.a in Frameworks */ = {isa = PBXBuildFile; fileRef = E9F479B915CB0A7FF771F35F /* libPods-Questio.a */; };
/* End PBXBuildFile section */

/* Begin PBXFileReference section */
		1B1482C6B5EE2491B3A2286F /* Pods-Questio.release.xcconfig */ = {isa = PBXFileReference; includeInIndex = 1; lastKnownFileType = text.xcconfig; name = "Pods-Questio.release.xcconfig"; path = "Target Support Files/Pods-Questio/Pods-Questio.release.xcconfig"; sourceTree = "<group>"; };
		2E038A7B236B53A200F79FC0 /* GoogleService-Info.plist */ = {isa = PBXFileReference; fileEncoding = 4; lastKnownFileType = text.plist.xml; name = "GoogleService-Info.plist"; path = "../../../Downloads/GoogleService-Info.plist"; sourceTree = "<group>"; };
		2E04E9B8236F8C5300BA6349 /* iOSDevCenters+GIF.swift */ = {isa = PBXFileReference; fileEncoding = 4; lastKnownFileType = sourcecode.swift; name = "iOSDevCenters+GIF.swift"; path = "../../../Downloads/GIF-Swift-master/GIF-Swift/iOSDevCenters+GIF.swift"; sourceTree = "<group>"; };
		2E04E9C2236F9E4B00BA6349 /* GDPR1.swift */ = {isa = PBXFileReference; lastKnownFileType = sourcecode.swift; path = GDPR1.swift; sourceTree = "<group>"; };
		2E193BC2237CC6A300FCC545 /* OpenSans-Bold.ttf */ = {isa = PBXFileReference; lastKnownFileType = file; path = "OpenSans-Bold.ttf"; sourceTree = "<group>"; };
		2E193BC3237CC6A300FCC545 /* OpenSans-ExtraBold.ttf */ = {isa = PBXFileReference; lastKnownFileType = file; path = "OpenSans-ExtraBold.ttf"; sourceTree = "<group>"; };
		2E193BC4237CC6A300FCC545 /* OpenSans-ExtraBoldItalic.ttf */ = {isa = PBXFileReference; lastKnownFileType = file; path = "OpenSans-ExtraBoldItalic.ttf"; sourceTree = "<group>"; };
		2E193BC5237CC6A300FCC545 /* OpenSans-BoldItalic.ttf */ = {isa = PBXFileReference; lastKnownFileType = file; path = "OpenSans-BoldItalic.ttf"; sourceTree = "<group>"; };
		2E193BC6237CC6A300FCC545 /* OpenSans-LightItalic.ttf */ = {isa = PBXFileReference; lastKnownFileType = file; path = "OpenSans-LightItalic.ttf"; sourceTree = "<group>"; };
		2E193BC7237CC6A300FCC545 /* OpenSans-SemiboldItalic.ttf */ = {isa = PBXFileReference; lastKnownFileType = file; path = "OpenSans-SemiboldItalic.ttf"; sourceTree = "<group>"; };
		2E193BC8237CC6A300FCC545 /* OpenSans-Italic.ttf */ = {isa = PBXFileReference; lastKnownFileType = file; path = "OpenSans-Italic.ttf"; sourceTree = "<group>"; };
		2E193BC9237CC6A300FCC545 /* Apache License.txt */ = {isa = PBXFileReference; fileEncoding = 4; lastKnownFileType = text; path = "Apache License.txt"; sourceTree = "<group>"; };
		2E193BCA237CC6A400FCC545 /* OpenSans-Light.ttf */ = {isa = PBXFileReference; lastKnownFileType = file; path = "OpenSans-Light.ttf"; sourceTree = "<group>"; };
		2E193BCB237CC6A400FCC545 /* OpenSans-Regular.ttf */ = {isa = PBXFileReference; lastKnownFileType = file; path = "OpenSans-Regular.ttf"; sourceTree = "<group>"; };
		2E193BCC237CC6A400FCC545 /* OpenSans-Semibold.ttf */ = {isa = PBXFileReference; lastKnownFileType = file; path = "OpenSans-Semibold.ttf"; sourceTree = "<group>"; };
		2E193BD8237CC95100FCC545 /* SurveyDetailsForm.swift */ = {isa = PBXFileReference; lastKnownFileType = sourcecode.swift; path = SurveyDetailsForm.swift; sourceTree = "<group>"; };
		2E193BDA237DBA1400FCC545 /* SetupTypes.swift */ = {isa = PBXFileReference; lastKnownFileType = sourcecode.swift; path = SetupTypes.swift; sourceTree = "<group>"; };
		2E2F2FFC23896321001798CF /* StructDefinitions.swift */ = {isa = PBXFileReference; lastKnownFileType = sourcecode.swift; path = StructDefinitions.swift; sourceTree = "<group>"; };
		2E2F2FFE238AF0CB001798CF /* functions.swift */ = {isa = PBXFileReference; lastKnownFileType = sourcecode.swift; path = functions.swift; sourceTree = "<group>"; };
		2E2F3002238AF1CA001798CF /* HCR-Questio-Questions.csv */ = {isa = PBXFileReference; fileEncoding = 4; lastKnownFileType = text; path = "HCR-Questio-Questions.csv"; sourceTree = "<group>"; };
		2E56C4832386A35400286077 /* SpeechRecognition.swift */ = {isa = PBXFileReference; lastKnownFileType = sourcecode.swift; name = SpeechRecognition.swift; path = /Users/rahulberry/Documents/Questio/Questio/Backend/SpeechRecognition.swift; sourceTree = "<absolute>"; };
		2E5F9E40237F2C8800D971B0 /* Setup.swift */ = {isa = PBXFileReference; lastKnownFileType = sourcecode.swift; path = Setup.swift; sourceTree = "<group>"; };
		2E5F9E422381AA6000D971B0 /* Question1.swift */ = {isa = PBXFileReference; lastKnownFileType = sourcecode.swift; path = Question1.swift; sourceTree = "<group>"; };
		2E5F9E442381B10900D971B0 /* FiveScaleResponse.swift */ = {isa = PBXFileReference; lastKnownFileType = sourcecode.swift; path = FiveScaleResponse.swift; sourceTree = "<group>"; };
		2E5F9E462381BE7C00D971B0 /* TestQuaestio2.mp4 */ = {isa = PBXFileReference; lastKnownFileType = file; path = TestQuaestio2.mp4; sourceTree = "<group>"; };
		2E5F9E482382045200D971B0 /* YNResponse.swift */ = {isa = PBXFileReference; lastKnownFileType = sourcecode.swift; path = YNResponse.swift; sourceTree = "<group>"; };
		2E5F9E4A2382CB6100D971B0 /* LongAnswer.swift */ = {isa = PBXFileReference; lastKnownFileType = sourcecode.swift; path = LongAnswer.swift; sourceTree = "<group>"; };
		2E5F9E4C2382CBBA00D971B0 /* Question2.swift */ = {isa = PBXFileReference; lastKnownFileType = sourcecode.swift; path = Question2.swift; sourceTree = "<group>"; };
		2E5F9E4E2382CDBA00D971B0 /* TestQuaestio3.mp4 */ = {isa = PBXFileReference; lastKnownFileType = file; path = TestQuaestio3.mp4; sourceTree = "<group>"; };
		2E5F9E512382FDDE00D971B0 /* ComputerVision.swift */ = {isa = PBXFileReference; lastKnownFileType = sourcecode.swift; path = ComputerVision.swift; sourceTree = "<group>"; };
		2E67B934238C4E8300446D77 /* PrivacyM.swift */ = {isa = PBXFileReference; lastKnownFileType = sourcecode.swift; name = PrivacyM.swift; path = /Users/rahulberry/Documents/Questio/Questio/MechFaceSurvey/PrivacyM.swift; sourceTree = "<absolute>"; };
		2E84C298237C7443002D3665 /* Home.swift */ = {isa = PBXFileReference; lastKnownFileType = sourcecode.swift; path = Home.swift; sourceTree = "<group>"; };
		2E85FBCE236B2BF600EDFF56 /* Questio.app */ = {isa = PBXFileReference; explicitFileType = wrapper.application; includeInIndex = 0; path = Questio.app; sourceTree = BUILT_PRODUCTS_DIR; };
		2E85FBD1236B2BF600EDFF56 /* AppDelegate.swift */ = {isa = PBXFileReference; lastKnownFileType = sourcecode.swift; path = AppDelegate.swift; sourceTree = "<group>"; };
		2E85FBD3236B2BF600EDFF56 /* SceneDelegate.swift */ = {isa = PBXFileReference; lastKnownFileType = sourcecode.swift; path = SceneDelegate.swift; sourceTree = "<group>"; };
		2E85FBD5236B2BF600EDFF56 /* SurveyHomeScreen.swift */ = {isa = PBXFileReference; lastKnownFileType = sourcecode.swift; path = SurveyHomeScreen.swift; sourceTree = "<group>"; };
		2E85FBD8236B2BF600EDFF56 /* Base */ = {isa = PBXFileReference; lastKnownFileType = file.storyboard; name = Base; path = Base.lproj/Main.storyboard; sourceTree = "<group>"; };
		2E85FBDA236B2BF900EDFF56 /* Assets.xcassets */ = {isa = PBXFileReference; lastKnownFileType = folder.assetcatalog; path = Assets.xcassets; sourceTree = "<group>"; };
		2E85FBDD236B2BF900EDFF56 /* Base */ = {isa = PBXFileReference; lastKnownFileType = file.storyboard; name = Base; path = Base.lproj/LaunchScreen.storyboard; sourceTree = "<group>"; };
		2E85FBDF236B2BF900EDFF56 /* Info.plist */ = {isa = PBXFileReference; lastKnownFileType = text.plist.xml; path = Info.plist; sourceTree = "<group>"; };
		2EC6B1C1237C57BA0085B560 /* PrivacyPolicy.swift */ = {isa = PBXFileReference; lastKnownFileType = sourcecode.swift; path = PrivacyPolicy.swift; sourceTree = "<group>"; };
		2ED6FECE237ECF6A00380C5A /* PrivacyResponse.swift */ = {isa = PBXFileReference; lastKnownFileType = sourcecode.swift; path = PrivacyResponse.swift; sourceTree = "<group>"; };
		2ED6FED0237ED09E00380C5A /* PrivacyDeclined.swift */ = {isa = PBXFileReference; lastKnownFileType = sourcecode.swift; path = PrivacyDeclined.swift; sourceTree = "<group>"; };
		2EEBC8782385595800D7334E /* MechanicalFaceApp.storyboard */ = {isa = PBXFileReference; lastKnownFileType = file.storyboard; path = MechanicalFaceApp.storyboard; sourceTree = "<group>"; };
		2EEBC882238590F700D7334E /* SurveyStartM.swift */ = {isa = PBXFileReference; lastKnownFileType = sourcecode.swift; path = SurveyStartM.swift; sourceTree = "<group>"; };
		2EF707AE237494D0008F73F9 /* MainNavigationController.swift */ = {isa = PBXFileReference; lastKnownFileType = sourcecode.swift; path = MainNavigationController.swift; sourceTree = "<group>"; };
		8C05E3C8773EB44672934D25 /* Pods-Questio.debug.xcconfig */ = {isa = PBXFileReference; includeInIndex = 1; lastKnownFileType = text.xcconfig; name = "Pods-Questio.debug.xcconfig"; path = "Target Support Files/Pods-Questio/Pods-Questio.debug.xcconfig"; sourceTree = "<group>"; };
		E9F479B915CB0A7FF771F35F /* libPods-Questio.a */ = {isa = PBXFileReference; explicitFileType = archive.ar; includeInIndex = 0; path = "libPods-Questio.a"; sourceTree = BUILT_PRODUCTS_DIR; };
/* End PBXFileReference section */

/* Begin PBXFrameworksBuildPhase section */
		2E85FBCB236B2BF600EDFF56 /* Frameworks */ = {
			isa = PBXFrameworksBuildPhase;
			buildActionMask = 2147483647;
			files = (
				E750A660F707CCBDF28F6727 /* libPods-Questio.a in Frameworks */,
			);
			runOnlyForDeploymentPostprocessing = 0;
		};
/* End PBXFrameworksBuildPhase section */

/* Begin PBXGroup section */
		2E5F9E4F2382CDBE00D971B0 /* VideoAssets */ = {
			isa = PBXGroup;
			children = (
				2E5F9E4E2382CDBA00D971B0 /* TestQuaestio3.mp4 */,
				2E5F9E462381BE7C00D971B0 /* TestQuaestio2.mp4 */,
			);
			path = VideoAssets;
			sourceTree = "<group>";
		};
		2E85FBC5236B2BF600EDFF56 = {
			isa = PBXGroup;
			children = (
				2E85FBD0236B2BF600EDFF56 /* Questio */,
				2E85FBCF236B2BF600EDFF56 /* Products */,
				6031382D25FCBBC7F7FC82D2 /* Pods */,
				9E33015ECB5E85CC18345592 /* Frameworks */,
			);
			sourceTree = "<group>";
		};
		2E85FBCF236B2BF600EDFF56 /* Products */ = {
			isa = PBXGroup;
			children = (
				2E85FBCE236B2BF600EDFF56 /* Questio.app */,
			);
			name = Products;
			sourceTree = "<group>";
		};
		2E85FBD0236B2BF600EDFF56 /* Questio */ = {
			isa = PBXGroup;
			children = (
				2E85FBDA236B2BF900EDFF56 /* Assets.xcassets */,
				2E5F9E4F2382CDBE00D971B0 /* VideoAssets */,
				2EE60700237C2BAB005E2D85 /* Fonts */,
				2EEBC87A2385779300D7334E /* PreSurvey */,
				2EEBC88123858F0F00D7334E /* MechFaceSurvey */,
				2EEBC87B238577C200D7334E /* DigFaceSurvey */,
				2EEBC87C2385785200D7334E /* Backend */,
				2E2F3002238AF1CA001798CF /* HCR-Questio-Questions.csv */,
				2E85FBD1236B2BF600EDFF56 /* AppDelegate.swift */,
				2E85FBD3236B2BF600EDFF56 /* SceneDelegate.swift */,
				2E04E9B8236F8C5300BA6349 /* iOSDevCenters+GIF.swift */,
				2E85FBD7236B2BF600EDFF56 /* Main.storyboard */,
				2EEBC8782385595800D7334E /* MechanicalFaceApp.storyboard */,
				2E85FBDC236B2BF900EDFF56 /* LaunchScreen.storyboard */,
				2E85FBDF236B2BF900EDFF56 /* Info.plist */,
				2E038A7B236B53A200F79FC0 /* GoogleService-Info.plist */,
			);
			path = Questio;
			sourceTree = "<group>";
		};
		2EE60700237C2BAB005E2D85 /* Fonts */ = {
			isa = PBXGroup;
			children = (
				2E193BC9237CC6A300FCC545 /* Apache License.txt */,
				2E193BC2237CC6A300FCC545 /* OpenSans-Bold.ttf */,
				2E193BC5237CC6A300FCC545 /* OpenSans-BoldItalic.ttf */,
				2E193BC3237CC6A300FCC545 /* OpenSans-ExtraBold.ttf */,
				2E193BC4237CC6A300FCC545 /* OpenSans-ExtraBoldItalic.ttf */,
				2E193BC8237CC6A300FCC545 /* OpenSans-Italic.ttf */,
				2E193BCA237CC6A400FCC545 /* OpenSans-Light.ttf */,
				2E193BC6237CC6A300FCC545 /* OpenSans-LightItalic.ttf */,
				2E193BCB237CC6A400FCC545 /* OpenSans-Regular.ttf */,
				2E193BCC237CC6A400FCC545 /* OpenSans-Semibold.ttf */,
				2E193BC7237CC6A300FCC545 /* OpenSans-SemiboldItalic.ttf */,
			);
			path = Fonts;
			sourceTree = "<group>";
		};
		2EEBC87A2385779300D7334E /* PreSurvey */ = {
			isa = PBXGroup;
			children = (
				2EC6B1C1237C57BA0085B560 /* PrivacyPolicy.swift */,
				2ED6FECE237ECF6A00380C5A /* PrivacyResponse.swift */,
				2ED6FED0237ED09E00380C5A /* PrivacyDeclined.swift */,
				2E193BDA237DBA1400FCC545 /* SetupTypes.swift */,
				2E85FBD5236B2BF600EDFF56 /* SurveyHomeScreen.swift */,
				2E04E9C2236F9E4B00BA6349 /* GDPR1.swift */,
				2E84C298237C7443002D3665 /* Home.swift */,
				2E5F9E40237F2C8800D971B0 /* Setup.swift */,
				2E193BD8237CC95100FCC545 /* SurveyDetailsForm.swift */,
			);
			path = PreSurvey;
			sourceTree = "<group>";
		};
		2EEBC87B238577C200D7334E /* DigFaceSurvey */ = {
			isa = PBXGroup;
			children = (
				2E5F9E442381B10900D971B0 /* FiveScaleResponse.swift */,
				2E5F9E4A2382CB6100D971B0 /* LongAnswer.swift */,
				2E5F9E482382045200D971B0 /* YNResponse.swift */,
				2E5F9E422381AA6000D971B0 /* Question1.swift */,
				2E5F9E4C2382CBBA00D971B0 /* Question2.swift */,
			);
			path = DigFaceSurvey;
			sourceTree = "<group>";
		};
		2EEBC87C2385785200D7334E /* Backend */ = {
			isa = PBXGroup;
			children = (
				2E2F2FFE238AF0CB001798CF /* functions.swift */,
				2E5F9E512382FDDE00D971B0 /* ComputerVision.swift */,
				2EF707AE237494D0008F73F9 /* MainNavigationController.swift */,
				2E56C4832386A35400286077 /* SpeechRecognition.swift */,
				2E2F2FFC23896321001798CF /* StructDefinitions.swift */,
			);
			path = Backend;
			sourceTree = "<group>";
		};
		2EEBC88123858F0F00D7334E /* MechFaceSurvey */ = {
			isa = PBXGroup;
			children = (
				2EEBC882238590F700D7334E /* SurveyStartM.swift */,
				2E67B934238C4E8300446D77 /* PrivacyM.swift */,
			);
			path = MechFaceSurvey;
			sourceTree = "<group>";
		};
		6031382D25FCBBC7F7FC82D2 /* Pods */ = {
			isa = PBXGroup;
			children = (
				8C05E3C8773EB44672934D25 /* Pods-Questio.debug.xcconfig */,
				1B1482C6B5EE2491B3A2286F /* Pods-Questio.release.xcconfig */,
			);
			path = Pods;
			sourceTree = "<group>";
		};
		9E33015ECB5E85CC18345592 /* Frameworks */ = {
			isa = PBXGroup;
			children = (
				E9F479B915CB0A7FF771F35F /* libPods-Questio.a */,
			);
			name = Frameworks;
			sourceTree = "<group>";
		};
/* End PBXGroup section */

/* Begin PBXNativeTarget section */
		2E85FBCD236B2BF600EDFF56 /* Questio */ = {
			isa = PBXNativeTarget;
			buildConfigurationList = 2E85FBE2236B2BF900EDFF56 /* Build configuration list for PBXNativeTarget "Questio" */;
			buildPhases = (
				3ED7BB236411DA09FA24A53A /* [CP] Check Pods Manifest.lock */,
				2E85FBCA236B2BF600EDFF56 /* Sources */,
				2E85FBCB236B2BF600EDFF56 /* Frameworks */,
				2E85FBCC236B2BF600EDFF56 /* Resources */,
			);
			buildRules = (
			);
			dependencies = (
			);
			name = Questio;
			productName = Questio;
			productReference = 2E85FBCE236B2BF600EDFF56 /* Questio.app */;
			productType = "com.apple.product-type.application";
		};
/* End PBXNativeTarget section */

/* Begin PBXProject section */
		2E85FBC6236B2BF600EDFF56 /* Project object */ = {
			isa = PBXProject;
			attributes = {
				LastSwiftUpdateCheck = 1110;
				LastUpgradeCheck = 1110;
				ORGANIZATIONNAME = rberry;
				TargetAttributes = {
					2E85FBCD236B2BF600EDFF56 = {
						CreatedOnToolsVersion = 11.1;
					};
				};
			};
			buildConfigurationList = 2E85FBC9236B2BF600EDFF56 /* Build configuration list for PBXProject "Questio" */;
			compatibilityVersion = "Xcode 9.3";
			developmentRegion = en;
			hasScannedForEncodings = 0;
			knownRegions = (
				en,
				Base,
			);
			mainGroup = 2E85FBC5236B2BF600EDFF56;
			productRefGroup = 2E85FBCF236B2BF600EDFF56 /* Products */;
			projectDirPath = "";
			projectRoot = "";
			targets = (
				2E85FBCD236B2BF600EDFF56 /* Questio */,
			);
		};
/* End PBXProject section */

/* Begin PBXResourcesBuildPhase section */
		2E85FBCC236B2BF600EDFF56 /* Resources */ = {
			isa = PBXResourcesBuildPhase;
			buildActionMask = 2147483647;
			files = (
				2E5F9E502382CED400D971B0 /* TestQuaestio3.mp4 in Resources */,
				2E5F9E472381BF5400D971B0 /* TestQuaestio2.mp4 in Resources */,
				2E2F3003238AF1CA001798CF /* HCR-Questio-Questions.csv in Resources */,
				2E193BD5237CC6A400FCC545 /* OpenSans-Light.ttf in Resources */,
				2E85FBDE236B2BF900EDFF56 /* LaunchScreen.storyboard in Resources */,
				2E193BD4237CC6A400FCC545 /* Apache License.txt in Resources */,
				2E193BD3237CC6A400FCC545 /* OpenSans-Italic.ttf in Resources */,
				2E193BCF237CC6A400FCC545 /* OpenSans-ExtraBoldItalic.ttf in Resources */,
				2E038A7C236B53A200F79FC0 /* GoogleService-Info.plist in Resources */,
				2E85FBDB236B2BF900EDFF56 /* Assets.xcassets in Resources */,
				2E193BCD237CC6A400FCC545 /* OpenSans-Bold.ttf in Resources */,
				2E85FBD9236B2BF600EDFF56 /* Main.storyboard in Resources */,
				2E193BD7237CC6A400FCC545 /* OpenSans-Semibold.ttf in Resources */,
				2E193BD2237CC6A400FCC545 /* OpenSans-SemiboldItalic.ttf in Resources */,
				2E193BD6237CC6A400FCC545 /* OpenSans-Regular.ttf in Resources */,
				2E193BD0237CC6A400FCC545 /* OpenSans-BoldItalic.ttf in Resources */,
				2E193BCE237CC6A400FCC545 /* OpenSans-ExtraBold.ttf in Resources */,
				2EEBC8792385595800D7334E /* MechanicalFaceApp.storyboard in Resources */,
				2E193BD1237CC6A400FCC545 /* OpenSans-LightItalic.ttf in Resources */,
			);
			runOnlyForDeploymentPostprocessing = 0;
		};
/* End PBXResourcesBuildPhase section */

/* Begin PBXShellScriptBuildPhase section */
		3ED7BB236411DA09FA24A53A /* [CP] Check Pods Manifest.lock */ = {
			isa = PBXShellScriptBuildPhase;
			buildActionMask = 2147483647;
			files = (
			);
			inputFileListPaths = (
			);
			inputPaths = (
				"${PODS_PODFILE_DIR_PATH}/Podfile.lock",
				"${PODS_ROOT}/Manifest.lock",
			);
			name = "[CP] Check Pods Manifest.lock";
			outputFileListPaths = (
			);
			outputPaths = (
				"$(DERIVED_FILE_DIR)/Pods-Questio-checkManifestLockResult.txt",
			);
			runOnlyForDeploymentPostprocessing = 0;
			shellPath = /bin/sh;
			shellScript = "diff \"${PODS_PODFILE_DIR_PATH}/Podfile.lock\" \"${PODS_ROOT}/Manifest.lock\" > /dev/null\nif [ $? != 0 ] ; then\n    # print error to STDERR\n    echo \"error: The sandbox is not in sync with the Podfile.lock. Run 'pod install' or update your CocoaPods installation.\" >&2\n    exit 1\nfi\n# This output is used by Xcode 'outputs' to avoid re-running this script phase.\necho \"SUCCESS\" > \"${SCRIPT_OUTPUT_FILE_0}\"\n";
			showEnvVarsInLog = 0;
		};
/* End PBXShellScriptBuildPhase section */

/* Begin PBXSourcesBuildPhase section */
		2E85FBCA236B2BF600EDFF56 /* Sources */ = {
			isa = PBXSourcesBuildPhase;
			buildActionMask = 2147483647;
			files = (
				2E04E9C3236F9E4B00BA6349 /* GDPR1.swift in Sources */,
				2E5F9E492382045200D971B0 /* YNResponse.swift in Sources */,
				2E85FBD6236B2BF600EDFF56 /* SurveyHomeScreen.swift in Sources */,
				2EC6B1C2237C57BA0085B560 /* PrivacyPolicy.swift in Sources */,
				2E67B935238C4E8300446D77 /* PrivacyM.swift in Sources */,
				2E193BD9237CC95100FCC545 /* SurveyDetailsForm.swift in Sources */,
				2E5F9E522382FDDE00D971B0 /* ComputerVision.swift in Sources */,
				2E04E9B9236F8C5300BA6349 /* iOSDevCenters+GIF.swift in Sources */,
				2E5F9E4D2382CBBA00D971B0 /* Question2.swift in Sources */,
				2EF707AF237494D0008F73F9 /* MainNavigationController.swift in Sources */,
				2E5F9E452381B10900D971B0 /* FiveScaleResponse.swift in Sources */,
				2E193BDB237DBA1400FCC545 /* SetupTypes.swift in Sources */,
				2E2F2FFF238AF0CB001798CF /* functions.swift in Sources */,
				2E2F2FFD23896321001798CF /* StructDefinitions.swift in Sources */,
				2ED6FECF237ECF6A00380C5A /* PrivacyResponse.swift in Sources */,
				2E85FBD2236B2BF600EDFF56 /* AppDelegate.swift in Sources */,
				2E5F9E4B2382CB6100D971B0 /* LongAnswer.swift in Sources */,
				2EEBC883238590F700D7334E /* SurveyStartM.swift in Sources */,
				2E5F9E432381AA6000D971B0 /* Question1.swift in Sources */,
				2E84C299237C7443002D3665 /* Home.swift in Sources */,
				2E5F9E41237F2C8800D971B0 /* Setup.swift in Sources */,
				2ED6FED1237ED09E00380C5A /* PrivacyDeclined.swift in Sources */,
				2E56C4842386A35400286077 /* SpeechRecognition.swift in Sources */,
				2E85FBD4236B2BF600EDFF56 /* SceneDelegate.swift in Sources */,
			);
			runOnlyForDeploymentPostprocessing = 0;
		};
/* End PBXSourcesBuildPhase section */

/* Begin PBXVariantGroup section */
		2E85FBD7236B2BF600EDFF56 /* Main.storyboard */ = {
			isa = PBXVariantGroup;
			children = (
				2E85FBD8236B2BF600EDFF56 /* Base */,
			);
			name = Main.storyboard;
			sourceTree = "<group>";
		};
		2E85FBDC236B2BF900EDFF56 /* LaunchScreen.storyboard */ = {
			isa = PBXVariantGroup;
			children = (
				2E85FBDD236B2BF900EDFF56 /* Base */,
			);
			name = LaunchScreen.storyboard;
			sourceTree = "<group>";
		};
/* End PBXVariantGroup section */

/* Begin XCBuildConfiguration section */
		2E85FBE0236B2BF900EDFF56 /* Debug */ = {
			isa = XCBuildConfiguration;
			buildSettings = {
				ALWAYS_SEARCH_USER_PATHS = NO;
				CLANG_ANALYZER_NONNULL = YES;
				CLANG_ANALYZER_NUMBER_OBJECT_CONVERSION = YES_AGGRESSIVE;
				CLANG_CXX_LANGUAGE_STANDARD = "gnu++14";
				CLANG_CXX_LIBRARY = "libc++";
				CLANG_ENABLE_MODULES = YES;
				CLANG_ENABLE_OBJC_ARC = YES;
				CLANG_ENABLE_OBJC_WEAK = YES;
				CLANG_WARN_BLOCK_CAPTURE_AUTORELEASING = YES;
				CLANG_WARN_BOOL_CONVERSION = YES;
				CLANG_WARN_COMMA = YES;
				CLANG_WARN_CONSTANT_CONVERSION = YES;
				CLANG_WARN_DEPRECATED_OBJC_IMPLEMENTATIONS = YES;
				CLANG_WARN_DIRECT_OBJC_ISA_USAGE = YES_ERROR;
				CLANG_WARN_DOCUMENTATION_COMMENTS = YES;
				CLANG_WARN_EMPTY_BODY = YES;
				CLANG_WARN_ENUM_CONVERSION = YES;
				CLANG_WARN_INFINITE_RECURSION = YES;
				CLANG_WARN_INT_CONVERSION = YES;
				CLANG_WARN_NON_LITERAL_NULL_CONVERSION = YES;
				CLANG_WARN_OBJC_IMPLICIT_RETAIN_SELF = YES;
				CLANG_WARN_OBJC_LITERAL_CONVERSION = YES;
				CLANG_WARN_OBJC_ROOT_CLASS = YES_ERROR;
				CLANG_WARN_RANGE_LOOP_ANALYSIS = YES;
				CLANG_WARN_STRICT_PROTOTYPES = YES;
				CLANG_WARN_SUSPICIOUS_MOVE = YES;
				CLANG_WARN_UNGUARDED_AVAILABILITY = YES_AGGRESSIVE;
				CLANG_WARN_UNREACHABLE_CODE = YES;
				CLANG_WARN__DUPLICATE_METHOD_MATCH = YES;
				COPY_PHASE_STRIP = NO;
				DEBUG_INFORMATION_FORMAT = dwarf;
				ENABLE_STRICT_OBJC_MSGSEND = YES;
				ENABLE_TESTABILITY = YES;
				GCC_C_LANGUAGE_STANDARD = gnu11;
				GCC_DYNAMIC_NO_PIC = NO;
				GCC_NO_COMMON_BLOCKS = YES;
				GCC_OPTIMIZATION_LEVEL = 0;
				GCC_PREPROCESSOR_DEFINITIONS = (
					"DEBUG=1",
					"$(inherited)",
				);
				GCC_WARN_64_TO_32_BIT_CONVERSION = YES;
				GCC_WARN_ABOUT_RETURN_TYPE = YES_ERROR;
				GCC_WARN_UNDECLARED_SELECTOR = YES;
				GCC_WARN_UNINITIALIZED_AUTOS = YES_AGGRESSIVE;
				GCC_WARN_UNUSED_FUNCTION = YES;
				GCC_WARN_UNUSED_VARIABLE = YES;
				IPHONEOS_DEPLOYMENT_TARGET = 13.1;
				MTL_ENABLE_DEBUG_INFO = INCLUDE_SOURCE;
				MTL_FAST_MATH = YES;
				ONLY_ACTIVE_ARCH = YES;
				SDKROOT = iphoneos;
				SWIFT_ACTIVE_COMPILATION_CONDITIONS = DEBUG;
				SWIFT_OPTIMIZATION_LEVEL = "-Onone";
			};
			name = Debug;
		};
		2E85FBE1236B2BF900EDFF56 /* Release */ = {
			isa = XCBuildConfiguration;
			buildSettings = {
				ALWAYS_SEARCH_USER_PATHS = NO;
				CLANG_ANALYZER_NONNULL = YES;
				CLANG_ANALYZER_NUMBER_OBJECT_CONVERSION = YES_AGGRESSIVE;
				CLANG_CXX_LANGUAGE_STANDARD = "gnu++14";
				CLANG_CXX_LIBRARY = "libc++";
				CLANG_ENABLE_MODULES = YES;
				CLANG_ENABLE_OBJC_ARC = YES;
				CLANG_ENABLE_OBJC_WEAK = YES;
				CLANG_WARN_BLOCK_CAPTURE_AUTORELEASING = YES;
				CLANG_WARN_BOOL_CONVERSION = YES;
				CLANG_WARN_COMMA = YES;
				CLANG_WARN_CONSTANT_CONVERSION = YES;
				CLANG_WARN_DEPRECATED_OBJC_IMPLEMENTATIONS = YES;
				CLANG_WARN_DIRECT_OBJC_ISA_USAGE = YES_ERROR;
				CLANG_WARN_DOCUMENTATION_COMMENTS = YES;
				CLANG_WARN_EMPTY_BODY = YES;
				CLANG_WARN_ENUM_CONVERSION = YES;
				CLANG_WARN_INFINITE_RECURSION = YES;
				CLANG_WARN_INT_CONVERSION = YES;
				CLANG_WARN_NON_LITERAL_NULL_CONVERSION = YES;
				CLANG_WARN_OBJC_IMPLICIT_RETAIN_SELF = YES;
				CLANG_WARN_OBJC_LITERAL_CONVERSION = YES;
				CLANG_WARN_OBJC_ROOT_CLASS = YES_ERROR;
				CLANG_WARN_RANGE_LOOP_ANALYSIS = YES;
				CLANG_WARN_STRICT_PROTOTYPES = YES;
				CLANG_WARN_SUSPICIOUS_MOVE = YES;
				CLANG_WARN_UNGUARDED_AVAILABILITY = YES_AGGRESSIVE;
				CLANG_WARN_UNREACHABLE_CODE = YES;
				CLANG_WARN__DUPLICATE_METHOD_MATCH = YES;
				COPY_PHASE_STRIP = NO;
				DEBUG_INFORMATION_FORMAT = "dwarf-with-dsym";
				ENABLE_NS_ASSERTIONS = NO;
				ENABLE_STRICT_OBJC_MSGSEND = YES;
				GCC_C_LANGUAGE_STANDARD = gnu11;
				GCC_NO_COMMON_BLOCKS = YES;
				GCC_WARN_64_TO_32_BIT_CONVERSION = YES;
				GCC_WARN_ABOUT_RETURN_TYPE = YES_ERROR;
				GCC_WARN_UNDECLARED_SELECTOR = YES;
				GCC_WARN_UNINITIALIZED_AUTOS = YES_AGGRESSIVE;
				GCC_WARN_UNUSED_FUNCTION = YES;
				GCC_WARN_UNUSED_VARIABLE = YES;
				IPHONEOS_DEPLOYMENT_TARGET = 13.1;
				MTL_ENABLE_DEBUG_INFO = NO;
				MTL_FAST_MATH = YES;
				SDKROOT = iphoneos;
				SWIFT_COMPILATION_MODE = wholemodule;
				SWIFT_OPTIMIZATION_LEVEL = "-O";
				VALIDATE_PRODUCT = YES;
			};
			name = Release;
		};
		2E85FBE3236B2BF900EDFF56 /* Debug */ = {
			isa = XCBuildConfiguration;
			baseConfigurationReference = 8C05E3C8773EB44672934D25 /* Pods-Questio.debug.xcconfig */;
			buildSettings = {
				ASSETCATALOG_COMPILER_APPICON_NAME = AppIcon;
				CODE_SIGN_STYLE = Automatic;
				DEVELOPMENT_TEAM = 4YTF827V9Q;
				INFOPLIST_FILE = Questio/Info.plist;
				LD_RUNPATH_SEARCH_PATHS = (
					"$(inherited)",
					"@executable_path/Frameworks",
				);
				PRODUCT_BUNDLE_IDENTIFIER = com.rberry.Questio;
				PRODUCT_NAME = "$(TARGET_NAME)";
				SWIFT_VERSION = 5.0;
				TARGETED_DEVICE_FAMILY = "1,2";
			};
			name = Debug;
		};
		2E85FBE4236B2BF900EDFF56 /* Release */ = {
			isa = XCBuildConfiguration;
			baseConfigurationReference = 1B1482C6B5EE2491B3A2286F /* Pods-Questio.release.xcconfig */;
			buildSettings = {
				ASSETCATALOG_COMPILER_APPICON_NAME = AppIcon;
				CODE_SIGN_STYLE = Automatic;
				DEVELOPMENT_TEAM = 4YTF827V9Q;
				INFOPLIST_FILE = Questio/Info.plist;
				LD_RUNPATH_SEARCH_PATHS = (
					"$(inherited)",
					"@executable_path/Frameworks",
				);
				PRODUCT_BUNDLE_IDENTIFIER = com.rberry.Questio;
				PRODUCT_NAME = "$(TARGET_NAME)";
				SWIFT_VERSION = 5.0;
				TARGETED_DEVICE_FAMILY = "1,2";
			};
			name = Release;
		};
/* End XCBuildConfiguration section */

/* Begin XCConfigurationList section */
		2E85FBC9236B2BF600EDFF56 /* Build configuration list for PBXProject "Questio" */ = {
			isa = XCConfigurationList;
			buildConfigurations = (
				2E85FBE0236B2BF900EDFF56 /* Debug */,
				2E85FBE1236B2BF900EDFF56 /* Release */,
			);
			defaultConfigurationIsVisible = 0;
			defaultConfigurationName = Release;
		};
		2E85FBE2236B2BF900EDFF56 /* Build configuration list for PBXNativeTarget "Questio" */ = {
			isa = XCConfigurationList;
			buildConfigurations = (
				2E85FBE3236B2BF900EDFF56 /* Debug */,
				2E85FBE4236B2BF900EDFF56 /* Release */,
			);
			defaultConfigurationIsVisible = 0;
			defaultConfigurationName = Release;
		};
/* End XCConfigurationList section */
	};
	rootObject = 2E85FBC6236B2BF600EDFF56 /* Project object */;
}
